# THIS IS AN AUTOGENERATED FILE. DO NOT EDIT THIS FILE DIRECTLY.
# yarn lockfile v1


"@polymer/app-layout@next":
  version "3.0.0-pre.18"
  resolved "https://registry.yarnpkg.com/@polymer/app-layout/-/app-layout-3.0.0-pre.18.tgz#83431fbeacddd8f4adcdca9102aa037e093d222e"
  dependencies:
    "@polymer/iron-flex-layout" "^3.0.0-pre.18"
    "@polymer/iron-media-query" "^3.0.0-pre.18"
    "@polymer/iron-resizable-behavior" "^3.0.0-pre.18"
    "@polymer/iron-scroll-target-behavior" "^3.0.0-pre.18"
    "@polymer/polymer" "^3.0.0"

"@polymer/app-route@next":
  version "3.0.0-pre.18"
  resolved "https://registry.yarnpkg.com/@polymer/app-route/-/app-route-3.0.0-pre.18.tgz#838038253700337186f244d8b12888e0a6e728b2"
  dependencies:
    "@polymer/iron-location" "^3.0.0-pre.18"
    "@polymer/polymer" "^3.0.0"

"@polymer/font-roboto@^3.0.0-pre.19":
  version "3.0.0-pre.19"
  resolved "https://registry.yarnpkg.com/@polymer/font-roboto/-/font-roboto-3.0.0-pre.19.tgz#d67384a000eebb2632c00c268182a8528aca4a7c"

"@polymer/iron-a11y-keys-behavior@^3.0.0-pre.18", "@polymer/iron-a11y-keys-behavior@^3.0.0-pre.19":
  version "3.0.0-pre.19"
  resolved "https://registry.yarnpkg.com/@polymer/iron-a11y-keys-behavior/-/iron-a11y-keys-behavior-3.0.0-pre.19.tgz#4a335111c773af9c4376237be483ee196ab2d966"
  dependencies:
    "@polymer/polymer" "^3.0.0"

"@polymer/iron-behaviors@^3.0.0-pre.18", "@polymer/iron-behaviors@^3.0.0-pre.19":
  version "3.0.0-pre.19"
  resolved "https://registry.yarnpkg.com/@polymer/iron-behaviors/-/iron-behaviors-3.0.0-pre.19.tgz#0f44cf7068f9d581b896980f18556706ea0c6eaa"
  dependencies:
    "@polymer/iron-a11y-keys-behavior" "^3.0.0-pre.19"
    "@polymer/polymer" "^3.0.0"

"@polymer/iron-checked-element-behavior@^3.0.0-pre.19":
  version "3.0.0-pre.19"
  resolved "https://registry.yarnpkg.com/@polymer/iron-checked-element-behavior/-/iron-checked-element-behavior-3.0.0-pre.19.tgz#c79c8529c7bddf8b3fc5da1e81c938a286e424aa"
  dependencies:
    "@polymer/iron-form-element-behavior" "^3.0.0-pre.19"
    "@polymer/iron-validatable-behavior" "^3.0.0-pre.19"
    "@polymer/polymer" "^3.0.0"

"@polymer/iron-collapse@next":
  version "3.0.0-pre.18"
  resolved "https://registry.yarnpkg.com/@polymer/iron-collapse/-/iron-collapse-3.0.0-pre.18.tgz#00a02197198622a4d0ebec10cca6dd3947c6da71"
  dependencies:
    "@polymer/iron-resizable-behavior" "^3.0.0-pre.18"
    "@polymer/polymer" "^3.0.0"

"@polymer/iron-dropdown@^3.0.0-pre.18":
  version "3.0.0-pre.19"
  resolved "https://registry.yarnpkg.com/@polymer/iron-dropdown/-/iron-dropdown-3.0.0-pre.19.tgz#3eba81167782e6b05d9897467f75b52a8e9dd5e1"
  dependencies:
    "@polymer/iron-behaviors" "^3.0.0-pre.19"
    "@polymer/iron-overlay-behavior" "^3.0.0-pre.19"
    "@polymer/neon-animation" "^3.0.0-pre.19"
    "@polymer/polymer" "^3.0.0"

"@polymer/iron-fit-behavior@^3.0.0-pre.18", "@polymer/iron-fit-behavior@^3.0.0-pre.19", "@polymer/iron-fit-behavior@next":
  version "3.0.0-pre.19"
  resolved "https://registry.yarnpkg.com/@polymer/iron-fit-behavior/-/iron-fit-behavior-3.0.0-pre.19.tgz#db53546ccd0a9f2861326ff4a2f15387a648f796"
  dependencies:
    "@polymer/polymer" "^3.0.0"

"@polymer/iron-flex-layout@^3.0.0-pre.18", "@polymer/iron-flex-layout@^3.0.0-pre.19", "@polymer/iron-flex-layout@next":
  version "3.0.0-pre.19"
  resolved "https://registry.yarnpkg.com/@polymer/iron-flex-layout/-/iron-flex-layout-3.0.0-pre.19.tgz#35f633ab4d4e14e44650722729128e4f5968c1e9"
  dependencies:
    "@polymer/polymer" "^3.0.0"

"@polymer/iron-form-element-behavior@^3.0.0-pre.19":
  version "3.0.0-pre.19"
  resolved "https://registry.yarnpkg.com/@polymer/iron-form-element-behavior/-/iron-form-element-behavior-3.0.0-pre.19.tgz#0fee7892af6a79cea7ef7ef1c7f738ac9f916ec6"
  dependencies:
    "@polymer/polymer" "^3.0.0"

"@polymer/iron-icon@^3.0.0-pre.18", "@polymer/iron-icon@^3.0.0-pre.19", "@polymer/iron-icon@next":
  version "3.0.0-pre.19"
  resolved "https://registry.yarnpkg.com/@polymer/iron-icon/-/iron-icon-3.0.0-pre.19.tgz#8fd150463a36d3851b2b71802ebc22d48dbfa340"
  dependencies:
    "@polymer/iron-flex-layout" "^3.0.0-pre.19"
    "@polymer/iron-meta" "^3.0.0-pre.19"
    "@polymer/polymer" "^3.0.0"

"@polymer/iron-icons@next":
  version "3.0.0-pre.18"
  resolved "https://registry.yarnpkg.com/@polymer/iron-icons/-/iron-icons-3.0.0-pre.18.tgz#106b15010772a3e0725c494a4ef46c8ca04f096e"
  dependencies:
    "@polymer/iron-icon" "^3.0.0-pre.18"
    "@polymer/iron-iconset-svg" "^3.0.0-pre.18"
    "@polymer/polymer" "^3.0.0"

"@polymer/iron-iconset-svg@^3.0.0-pre.18", "@polymer/iron-iconset-svg@next":
  version "3.0.0-pre.19"
  resolved "https://registry.yarnpkg.com/@polymer/iron-iconset-svg/-/iron-iconset-svg-3.0.0-pre.19.tgz#9badb0df72ade7f011e60917ef3274019006cfd0"
  dependencies:
    "@polymer/iron-meta" "^3.0.0-pre.19"
    "@polymer/polymer" "^3.0.0"

"@polymer/iron-image@^3.0.0-pre.18":
  version "3.0.0-pre.19"
  resolved "https://registry.yarnpkg.com/@polymer/iron-image/-/iron-image-3.0.0-pre.19.tgz#3796518331eec96d0b01c0e3c37aaa3edc168850"
  dependencies:
    "@polymer/polymer" "^3.0.0"

"@polymer/iron-localstorage@next":
  version "3.0.0-pre.18"
  resolved "https://registry.yarnpkg.com/@polymer/iron-localstorage/-/iron-localstorage-3.0.0-pre.18.tgz#03fbc0efe8a58e6c1af7389b9f5904fd932b76eb"
  dependencies:
    "@polymer/polymer" "^3.0.0"

"@polymer/iron-location@^3.0.0-pre.18":
  version "3.0.0-pre.19"
  resolved "https://registry.yarnpkg.com/@polymer/iron-location/-/iron-location-3.0.0-pre.19.tgz#092716cf677491eb0c53031eb4014f6af566694d"
  dependencies:
    "@polymer/polymer" "^3.0.0"

"@polymer/iron-media-query@^3.0.0-pre.18", "@polymer/iron-media-query@next":
  version "3.0.0-pre.19"
  resolved "https://registry.yarnpkg.com/@polymer/iron-media-query/-/iron-media-query-3.0.0-pre.19.tgz#f98271a879ead7aa6c37f7da6231b38c8f41deca"
  dependencies:
    "@polymer/polymer" "^3.0.0"

"@polymer/iron-menu-behavior@^3.0.0-pre.18":
  version "3.0.0-pre.19"
  resolved "https://registry.yarnpkg.com/@polymer/iron-menu-behavior/-/iron-menu-behavior-3.0.0-pre.19.tgz#16f841d3a4be8df1e502d5d2ca2831b77dd598e4"
  dependencies:
    "@polymer/iron-a11y-keys-behavior" "^3.0.0-pre.19"
    "@polymer/iron-flex-layout" "^3.0.0-pre.19"
    "@polymer/iron-selector" "^3.0.0-pre.19"
    "@polymer/polymer" "^3.0.0"

"@polymer/iron-meta@^3.0.0-pre.18", "@polymer/iron-meta@^3.0.0-pre.19":
  version "3.0.0-pre.19"
  resolved "https://registry.yarnpkg.com/@polymer/iron-meta/-/iron-meta-3.0.0-pre.19.tgz#c4a70c235b87679f3487429ca69e071aacc3d002"
  dependencies:
    "@polymer/polymer" "^3.0.0"

"@polymer/iron-overlay-behavior@^3.0.0-pre.18", "@polymer/iron-overlay-behavior@^3.0.0-pre.19", "@polymer/iron-overlay-behavior@next":
  version "3.0.0-pre.19"
  resolved "https://registry.yarnpkg.com/@polymer/iron-overlay-behavior/-/iron-overlay-behavior-3.0.0-pre.19.tgz#0d15e901c30380e93351132be7b6fc35a93a5444"
  dependencies:
    "@polymer/iron-a11y-keys-behavior" "^3.0.0-pre.19"
    "@polymer/iron-fit-behavior" "^3.0.0-pre.19"
    "@polymer/iron-resizable-behavior" "^3.0.0-pre.19"
    "@polymer/polymer" "^3.0.0"

"@polymer/iron-pages@next":
  version "3.0.0-pre.18"
  resolved "https://registry.yarnpkg.com/@polymer/iron-pages/-/iron-pages-3.0.0-pre.18.tgz#004ada1002fe71eeba3f1465c56d8856ea40f529"
  dependencies:
    "@polymer/iron-resizable-behavior" "^3.0.0-pre.18"
    "@polymer/iron-selector" "^3.0.0-pre.18"
    "@polymer/polymer" "^3.0.0"

"@polymer/iron-range-behavior@^3.0.0-pre.18":
  version "3.0.0-pre.19"
  resolved "https://registry.yarnpkg.com/@polymer/iron-range-behavior/-/iron-range-behavior-3.0.0-pre.19.tgz#77e49c2876659eb02ebd514d720cf4c23861bcde"
  dependencies:
    "@polymer/polymer" "^3.0.0"

"@polymer/iron-resizable-behavior@^3.0.0-pre.18", "@polymer/iron-resizable-behavior@^3.0.0-pre.19":
  version "3.0.0-pre.19"
  resolved "https://registry.yarnpkg.com/@polymer/iron-resizable-behavior/-/iron-resizable-behavior-3.0.0-pre.19.tgz#f36f4a11c48f07c55f4b0a77a9fb7827edf97fef"
  dependencies:
    "@polymer/polymer" "^3.0.0"

"@polymer/iron-scroll-target-behavior@^3.0.0-pre.18":
  version "3.0.0-pre.19"
  resolved "https://registry.yarnpkg.com/@polymer/iron-scroll-target-behavior/-/iron-scroll-target-behavior-3.0.0-pre.19.tgz#4f13b0bd35257a2a4ba94419cc2f9431cd089789"
  dependencies:
    "@polymer/polymer" "^3.0.0"

"@polymer/iron-selector@^3.0.0-pre.18", "@polymer/iron-selector@^3.0.0-pre.19", "@polymer/iron-selector@next":
  version "3.0.0-pre.19"
  resolved "https://registry.yarnpkg.com/@polymer/iron-selector/-/iron-selector-3.0.0-pre.19.tgz#254156e1284a68db9f45ace6903e846c042f1242"
  dependencies:
    "@polymer/polymer" "^3.0.0"

"@polymer/iron-validatable-behavior@^3.0.0-pre.19":
  version "3.0.0-pre.19"
  resolved "https://registry.yarnpkg.com/@polymer/iron-validatable-behavior/-/iron-validatable-behavior-3.0.0-pre.19.tgz#2168f83466e85a2caa329f0b9db7060d2de38a7d"
  dependencies:
    "@polymer/iron-meta" "^3.0.0-pre.19"
    "@polymer/polymer" "^3.0.0"

"@polymer/lit-element@*":
  version "0.5.1"
  resolved "https://registry.yarnpkg.com/@polymer/lit-element/-/lit-element-0.5.1.tgz#ab1b21391787082023852e95e65e60015dfdaa00"
  dependencies:
    "@polymer/polymer" "^3.0.0-pre.13"
    lit-html "^0.10.0"

"@polymer/neon-animation@^3.0.0-pre.18", "@polymer/neon-animation@^3.0.0-pre.19", "@polymer/neon-animation@next":
  version "3.0.0-pre.19"
  resolved "https://registry.yarnpkg.com/@polymer/neon-animation/-/neon-animation-3.0.0-pre.19.tgz#0eae03142eb533988bcbd9056d82ed203a77cd8e"
  dependencies:
    "@polymer/iron-resizable-behavior" "^3.0.0-pre.19"
    "@polymer/iron-selector" "^3.0.0-pre.19"
    "@polymer/polymer" "^3.0.0"

"@polymer/paper-behaviors@^3.0.0-pre.18", "@polymer/paper-behaviors@^3.0.0-pre.19":
  version "3.0.0-pre.19"
  resolved "https://registry.yarnpkg.com/@polymer/paper-behaviors/-/paper-behaviors-3.0.0-pre.19.tgz#02fdf0accf86f3f3836b82e333776ca5e9eeb25a"
  dependencies:
    "@polymer/iron-behaviors" "^3.0.0-pre.19"
    "@polymer/iron-checked-element-behavior" "^3.0.0-pre.19"
    "@polymer/paper-ripple" "^3.0.0-pre.19"
    "@polymer/polymer" "^3.0.0"

"@polymer/paper-button@next":
  version "3.0.0-pre.18"
  resolved "https://registry.yarnpkg.com/@polymer/paper-button/-/paper-button-3.0.0-pre.18.tgz#17615c76cf23d6640ae11deeae023d99497f7a28"
  dependencies:
    "@polymer/iron-flex-layout" "^3.0.0-pre.18"
    "@polymer/paper-behaviors" "^3.0.0-pre.18"
    "@polymer/paper-styles" "^3.0.0-pre.18"
    "@polymer/polymer" "^3.0.0"

"@polymer/paper-card@next":
  version "3.0.0-pre.18"
  resolved "https://registry.yarnpkg.com/@polymer/paper-card/-/paper-card-3.0.0-pre.18.tgz#df2cdc48636e48028eae0066d127c321401a91c7"
  dependencies:
    "@polymer/iron-flex-layout" "^3.0.0-pre.18"
    "@polymer/iron-image" "^3.0.0-pre.18"
    "@polymer/paper-styles" "^3.0.0-pre.18"
    "@polymer/polymer" "^3.0.0"

"@polymer/paper-dialog-behavior@^3.0.0-pre.18", "@polymer/paper-dialog-behavior@next":
  version "3.0.0-pre.19"
  resolved "https://registry.yarnpkg.com/@polymer/paper-dialog-behavior/-/paper-dialog-behavior-3.0.0-pre.19.tgz#e5e6709f6749a27e6d1c3089633de25c239c43d0"
  dependencies:
    "@polymer/iron-overlay-behavior" "^3.0.0-pre.19"
    "@polymer/paper-styles" "^3.0.0-pre.19"
    "@polymer/polymer" "^3.0.0"

"@polymer/paper-dialog@next":
  version "3.0.0-pre.18"
  resolved "https://registry.yarnpkg.com/@polymer/paper-dialog/-/paper-dialog-3.0.0-pre.18.tgz#d792627a896d51c240b65e9b1e407485e6c33917"
  dependencies:
    "@polymer/iron-overlay-behavior" "^3.0.0-pre.18"
    "@polymer/neon-animation" "^3.0.0-pre.18"
    "@polymer/paper-dialog-behavior" "^3.0.0-pre.18"
    "@polymer/polymer" "^3.0.0"

"@polymer/paper-fab@next":
  version "3.0.0-pre.18"
  resolved "https://registry.yarnpkg.com/@polymer/paper-fab/-/paper-fab-3.0.0-pre.18.tgz#1fa6aafe4d4c5322329650f001457f7e2e8796ad"
  dependencies:
    "@polymer/iron-flex-layout" "^3.0.0-pre.18"
    "@polymer/iron-icon" "^3.0.0-pre.18"
    "@polymer/paper-behaviors" "^3.0.0-pre.18"
    "@polymer/paper-styles" "^3.0.0-pre.18"
    "@polymer/polymer" "^3.0.0"

"@polymer/paper-header-panel@next":
  version "3.0.0-pre.18"
  resolved "https://registry.yarnpkg.com/@polymer/paper-header-panel/-/paper-header-panel-3.0.0-pre.18.tgz#e248e41d3478cac6e6c1a2b0c809889cd7884f34"
  dependencies:
    "@polymer/iron-flex-layout" "^3.0.0-pre.18"
    "@polymer/polymer" "^3.0.0"

"@polymer/paper-icon-button@^3.0.0-pre.18", "@polymer/paper-icon-button@next":
  version "3.0.0-pre.19"
  resolved "https://registry.yarnpkg.com/@polymer/paper-icon-button/-/paper-icon-button-3.0.0-pre.19.tgz#e478b5838363285394c3c1a3addd72d3bb1d789b"
  dependencies:
    "@polymer/iron-icon" "^3.0.0-pre.19"
    "@polymer/paper-behaviors" "^3.0.0-pre.19"
    "@polymer/paper-styles" "^3.0.0-pre.19"
    "@polymer/polymer" "^3.0.0"

"@polymer/paper-item@next":
  version "3.0.0-pre.18"
  resolved "https://registry.yarnpkg.com/@polymer/paper-item/-/paper-item-3.0.0-pre.18.tgz#8549ab758e300dedbcdd19a10b1b4a90df8e2b3f"
  dependencies:
    "@polymer/iron-behaviors" "^3.0.0-pre.18"
    "@polymer/iron-flex-layout" "^3.0.0-pre.18"
    "@polymer/paper-styles" "^3.0.0-pre.18"
    "@polymer/polymer" "^3.0.0"

"@polymer/paper-listbox@next":
  version "3.0.0-pre.18"
  resolved "https://registry.yarnpkg.com/@polymer/paper-listbox/-/paper-listbox-3.0.0-pre.18.tgz#0d1acbb402e3d89bb0bdbdef30b2f8c8c362f8eb"
  dependencies:
    "@polymer/iron-behaviors" "^3.0.0-pre.18"
    "@polymer/iron-menu-behavior" "^3.0.0-pre.18"
    "@polymer/paper-styles" "^3.0.0-pre.18"
    "@polymer/polymer" "^3.0.0"

"@polymer/paper-material@next":
  version "3.0.0-pre.18"
  resolved "https://registry.yarnpkg.com/@polymer/paper-material/-/paper-material-3.0.0-pre.18.tgz#5ebc275084cbb2d40493a07162cff093154199be"
  dependencies:
    "@polymer/paper-styles" "^3.0.0-pre.18"
    "@polymer/polymer" "^3.0.0"

"@polymer/paper-menu-button@next":
  version "3.0.0-pre.18"
  resolved "https://registry.yarnpkg.com/@polymer/paper-menu-button/-/paper-menu-button-3.0.0-pre.18.tgz#1a7388b5d8bba74f27c6c571005402f7af72b8f2"
  dependencies:
    "@polymer/iron-a11y-keys-behavior" "^3.0.0-pre.18"
    "@polymer/iron-behaviors" "^3.0.0-pre.18"
    "@polymer/iron-dropdown" "^3.0.0-pre.18"
    "@polymer/iron-fit-behavior" "^3.0.0-pre.18"
    "@polymer/neon-animation" "^3.0.0-pre.18"
    "@polymer/paper-styles" "^3.0.0-pre.18"
    "@polymer/polymer" "^3.0.0"

"@polymer/paper-progress@next":
  version "3.0.0-pre.18"
  resolved "https://registry.yarnpkg.com/@polymer/paper-progress/-/paper-progress-3.0.0-pre.18.tgz#89ed3f6ff6da933a40c9bf06cf2b373e1e154637"
  dependencies:
    "@polymer/iron-flex-layout" "^3.0.0-pre.18"
    "@polymer/iron-range-behavior" "^3.0.0-pre.18"
    "@polymer/paper-styles" "^3.0.0-pre.18"
    "@polymer/polymer" "^3.0.0"

"@polymer/paper-radio-button@^3.0.0-pre.18":
  version "3.0.0-pre.19"
  resolved "https://registry.yarnpkg.com/@polymer/paper-radio-button/-/paper-radio-button-3.0.0-pre.19.tgz#ccef788806d51a74ac226bf8565de362724b85e7"
  dependencies:
    "@polymer/iron-checked-element-behavior" "^3.0.0-pre.19"
    "@polymer/iron-flex-layout" "^3.0.0-pre.19"
    "@polymer/paper-behaviors" "^3.0.0-pre.19"
    "@polymer/paper-styles" "^3.0.0-pre.19"
    "@polymer/polymer" "^3.0.0"

"@polymer/paper-radio-group@next":
  version "3.0.0-pre.18"
  resolved "https://registry.yarnpkg.com/@polymer/paper-radio-group/-/paper-radio-group-3.0.0-pre.18.tgz#10487afe15f9b790b476e501afae2c9ba6e4c400"
  dependencies:
    "@polymer/iron-a11y-keys-behavior" "^3.0.0-pre.18"
    "@polymer/iron-menu-behavior" "^3.0.0-pre.18"
    "@polymer/paper-radio-button" "^3.0.0-pre.18"
    "@polymer/polymer" "^3.0.0"

"@polymer/paper-ripple@^3.0.0-pre.19":
  version "3.0.0-pre.19"
  resolved "https://registry.yarnpkg.com/@polymer/paper-ripple/-/paper-ripple-3.0.0-pre.19.tgz#9e72d59d07c954a0e3de70b44a12c66a508b80ee"
  dependencies:
    "@polymer/iron-a11y-keys-behavior" "^3.0.0-pre.19"
    "@polymer/polymer" "^3.0.0"

"@polymer/paper-spinner@next":
  version "3.0.0-pre.18"
  resolved "https://registry.yarnpkg.com/@polymer/paper-spinner/-/paper-spinner-3.0.0-pre.18.tgz#59c80999a1b313a4801cfd3d91f6a5e4bf61ed5c"
  dependencies:
    "@polymer/paper-styles" "^3.0.0-pre.18"
    "@polymer/polymer" "^3.0.0"

"@polymer/paper-styles@^3.0.0-pre.18", "@polymer/paper-styles@^3.0.0-pre.19":
  version "3.0.0-pre.19"
  resolved "https://registry.yarnpkg.com/@polymer/paper-styles/-/paper-styles-3.0.0-pre.19.tgz#72ba066b0de9153d835639ebe63ce2afbe5425b0"
  dependencies:
    "@polymer/font-roboto" "^3.0.0-pre.19"
    "@polymer/iron-flex-layout" "^3.0.0-pre.19"
    "@polymer/polymer" "^3.0.0"

"@polymer/paper-tabs@next":
  version "3.0.0-pre.18"
  resolved "https://registry.yarnpkg.com/@polymer/paper-tabs/-/paper-tabs-3.0.0-pre.18.tgz#ca7379bea98e007329b2abf7fe06a47a0701a7ef"
  dependencies:
    "@polymer/iron-behaviors" "^3.0.0-pre.18"
    "@polymer/iron-flex-layout" "^3.0.0-pre.18"
    "@polymer/iron-icon" "^3.0.0-pre.18"
    "@polymer/iron-iconset-svg" "^3.0.0-pre.18"
    "@polymer/iron-menu-behavior" "^3.0.0-pre.18"
    "@polymer/iron-resizable-behavior" "^3.0.0-pre.18"
    "@polymer/paper-behaviors" "^3.0.0-pre.18"
    "@polymer/paper-icon-button" "^3.0.0-pre.18"
    "@polymer/paper-styles" "^3.0.0-pre.18"
    "@polymer/polymer" "^3.0.0"

"@polymer/polymer@*", "@polymer/polymer@^3.0.0", "@polymer/polymer@^3.0.0-pre.13":
  version "3.0.2"
  resolved "https://registry.yarnpkg.com/@polymer/polymer/-/polymer-3.0.2.tgz#626e6f9fae9716b0962ce0211e21df242153eab2"
  dependencies:
    "@webcomponents/shadycss" "^1.2.0"

"@webcomponents/shadycss@*", "@webcomponents/shadycss@^1.2.0":
  version "1.2.1"
  resolved "https://registry.yarnpkg.com/@webcomponents/shadycss/-/shadycss-1.2.1.tgz#6e4a88534657807c8398b4bc196d0ca492182d54"

"@webcomponents/webcomponentsjs@*":
  version "2.0.0"
  resolved "https://registry.yarnpkg.com/@webcomponents/webcomponentsjs/-/webcomponentsjs-2.0.0.tgz#166e7489b9ce66f5c082a3360120cb27505f762f"

lit-html@^0.10.0:
  version "0.10.0"
  resolved "https://registry.yarnpkg.com/lit-html/-/lit-html-0.10.0.tgz#1c56efc7513faa8e12d0a5564dc3c67ee28fd617"
